
Microsoft Visual Studio Solution File, Format Version 12.00
Project("{FAE04EC0-301F-11D3-BF4B-00C04F79EFBC}") = "TeleCore", "TeleCore\TeleCore.csproj", "{B2F8169B-28B2-4E73-BB7B-C4D25A0E4C2B}"
EndProject
Project("{FAE04EC0-301F-11D3-BF4B-00C04F79EFBC}") = "TeleCore.Research", "TeleCore.Research\TeleCore.Research.csproj", "{80CCDCE0-C926-4966-A9DF-9F828855B746}"
EndProject
Global
	GlobalSection(SolutionConfigurationPlatforms) = preSolution
		Debug|Any CPU = Debug|Any CPU
		Release|Any CPU = Release|Any CPU
	EndGlobalSection
	GlobalSection(ProjectConfigurationPlatforms) = postSolution
		{B2F8169B-28B2-4E73-BB7B-C4D25A0E4C2B}.Debug|Any CPU.ActiveCfg = Debug|Any CPU
		{B2F8169B-28B2-4E73-BB7B-C4D25A0E4C2B}.Debug|Any CPU.Build.0 = Debug|Any CPU
		{B2F8169B-28B2-4E73-BB7B-C4D25A0E4C2B}.Release|Any CPU.ActiveCfg = Release|Any CPU
		{B2F8169B-28B2-4E73-BB7B-C4D25A0E4C2B}.Release|Any CPU.Build.0 = Release|Any CPU
		{80CCDCE0-C926-4966-A9DF-9F828855B746}.Debug|Any CPU.ActiveCfg = Debug|Any CPU
		{80CCDCE0-C926-4966-A9DF-9F828855B746}.Debug|Any CPU.Build.0 = Debug|Any CPU
		{80CCDCE0-C926-4966-A9DF-9F828855B746}.Release|Any CPU.ActiveCfg = Release|Any CPU
		{80CCDCE0-C926-4966-A9DF-9F828855B746}.Release|Any CPU.Build.0 = Release|Any CPU
	EndGlobalSection
EndGlobal
