
Microsoft Visual Studio Solution File, Format Version 12.00
Project("{FAE04EC0-301F-11D3-BF4B-00C04F79EFBC}") = "TrueRespiration", "TrueRespiration.csproj", "{96397550-825F-439B-8BFA-7D0F15C555D8}"
EndProject
Global
	GlobalSection(SolutionConfigurationPlatforms) = preSolution
		Debug|Any CPU = Debug|Any CPU
		Release|Any CPU = Release|Any CPU
	EndGlobalSection
	GlobalSection(ProjectConfigurationPlatforms) = postSolution
		{96397550-825F-439B-8BFA-7D0F15C555D8}.Debug|Any CPU.ActiveCfg = Debug|Any CPU
		{96397550-825F-439B-8BFA-7D0F15C555D8}.Debug|Any CPU.Build.0 = Debug|Any CPU
		{96397550-825F-439B-8BFA-7D0F15C555D8}.Release|Any CPU.ActiveCfg = Release|Any CPU
		{96397550-825F-439B-8BFA-7D0F15C555D8}.Release|Any CPU.Build.0 = Release|Any CPU
	EndGlobalSection
EndGlobal
