
Microsoft Visual Studio Solution File, Format Version 12.00
# Visual Studio 15
VisualStudioVersion = 15.0.27004.2005
MinimumVisualStudioVersion = 10.0.40219.1
Project("{FAE04EC0-301F-11D3-BF4B-00C04F79EFBC}") = "TiberiumRim", "TiberiumRim\TiberiumRim.csproj", "{78109E3C-6332-4BF3-8875-CDA9CBCE70DE}"
EndProject
Global
	GlobalSection(SolutionConfigurationPlatforms) = preSolution
		Debug|Any CPU = Debug|Any CPU
		Release|Any CPU = Release|Any CPU
	EndGlobalSection
	GlobalSection(ProjectConfigurationPlatforms) = postSolution
		{78109E3C-6332-4BF3-8875-CDA9CBCE70DE}.Debug|Any CPU.ActiveCfg = Debug|Any CPU
		{78109E3C-6332-4BF3-8875-CDA9CBCE70DE}.Debug|Any CPU.Build.0 = Debug|Any CPU
		{78109E3C-6332-4BF3-8875-CDA9CBCE70DE}.Release|Any CPU.ActiveCfg = Release|Any CPU
		{78109E3C-6332-4BF3-8875-CDA9CBCE70DE}.Release|Any CPU.Build.0 = Release|Any CPU
	EndGlobalSection
	GlobalSection(SolutionProperties) = preSolution
		HideSolutionNode = FALSE
	EndGlobalSection
	GlobalSection(ExtensibilityGlobals) = postSolution
		SolutionGuid = {07F29543-BC31-414C-B695-B4DE6DDFE5BF}
	EndGlobalSection
EndGlobal
